<?xml version="1.0" encoding="utf-8"?>
<Project ToolsVersion="4.0" xmlns="http://schemas.microsoft.com/developer/msbuild/2003">
  <ItemGroup>
    <ClCompile Include="Resources\Code\GameObjects\GameObject.cpp" />
    <ClCompile Include="Resources\Code\GameObjects\GameObjectBezierSpline.cpp" />
    <ClCompile Include="Resources\Code\GameObjects\GameObjectCube.cpp" />
    <ClCompile Include="Resources\Code\GameObjects\GameObjectPlane.cpp" />
    <ClCompile Include="Resources\Code\Graphics\DeferredRenderer.cpp" />
    <ClCompile Include="Resources\Code\Graphics\ImGuiRenderer.cpp" />
    <ClCompile Include="Resources\Code\Graphics\RenderTexture.cpp" />
    <ClCompile Include="Resources\Code\Managers\CameraManager.cpp" />
    <ClCompile Include="Resources\Code\Managers\ObjectManager.cpp" />
    <ClCompile Include="Resources\Code\Managers\ShaderManager.cpp" />
    <ClCompile Include="Resources\Code\Camera.cpp" />
    <ClCompile Include="Resources\Code\Light.cpp" />
    <ClCompile Include="Resources\Code\main.cpp" />
    <ClCompile Include="Resources\Code\Utilities\DDSTextureLoader.cpp" />
    <ClCompile Include="Resources\Code\Utilities\OBJLoader.cpp" />
    <ClCompile Include="Resources\Code\Utilities\Time.cpp" />
    <ClCompile Include="Resources\Code\External\imgui\imgui.cpp" />
    <ClCompile Include="Resources\Code\External\imgui\imgui_demo.cpp" />
    <ClCompile Include="Resources\Code\External\imgui\imgui_draw.cpp" />
    <ClCompile Include="Resources\Code\External\imgui\imgui_impl_dx11.cpp" />
    <ClCompile Include="Resources\Code\External\imgui\imgui_impl_win32.cpp" />
    <ClCompile Include="Resources\Code\External\imgui\imgui_widgets.cpp" />
    <ClCompile Include="Resources\Code\GameObjects\GameObjectTerrain.cpp" />
    <ClCompile Include="Resources\Code\External\pugiXML\pugixml.cpp" />
    <ClCompile Include="Resources\Code\GameObjects\GameObjectTerrainVoxels.cpp" />
    <ClCompile Include="Resources\Code\Utilities\MD5Loader.cpp" />
    <ClCompile Include="Resources\Code\GameObjects\GameObjectMD5.cpp" />
    <ClCompile Include="Resources\Code\Managers\AnimationManager.cpp" />
    <ClCompile Include="TerrainLoad.cpp" />
  </ItemGroup>
  <ItemGroup>
    <ClInclude Include="Resources\Code\GameObjects\GameObject.h" />
    <ClInclude Include="Resources\Code\GameObjects\GameObjectBezierSpline.h" />
    <ClInclude Include="Resources\Code\GameObjects\GameObjectCube.h" />
    <ClInclude Include="Resources\Code\GameObjects\GameObjectPlane.h" />
    <ClInclude Include="Resources\Code\Graphics\DeferredRenderer.h" />
    <ClInclude Include="Resources\Code\Graphics\ImGuiRenderer.h" />
    <ClInclude Include="Resources\Code\Graphics\RenderTexture.h" />
    <ClInclude Include="Resources\Code\Managers\CameraManager.h" />
    <ClInclude Include="Resources\Code\Managers\ObjectManager.h" />
    <ClInclude Include="Resources\Code\Managers\ShaderManager.h" />
    <ClInclude Include="Resources\Code\Camera.h" />
    <ClInclude Include="Resources\Code\Light.h" />
    <ClInclude Include="Resources\Code\main.h" />
    <ClInclude Include="Resources\Code\Utilities\DDSTextureLoader.h" />
    <ClInclude Include="Resources\Code\Utilities\OBJLoader.h" />
    <ClInclude Include="Resources\Code\Utilities\Resource.h" />
    <ClInclude Include="Resources\Code\Utilities\structures.h" />
    <ClInclude Include="Resources\Code\Utilities\Time.h" />
    <ClInclude Include="Resources\Code\External\imgui\imconfig.h" />
    <ClInclude Include="Resources\Code\External\imgui\imgui.h" />
    <ClInclude Include="Resources\Code\External\imgui\imgui_impl_dx11.h" />
    <ClInclude Include="Resources\Code\External\imgui\imgui_impl_win32.h" />
    <ClInclude Include="Resources\Code\External\imgui\imgui_internal.h" />
    <ClInclude Include="Resources\Code\External\imgui\imstb_truetype.h" />
    <ClInclude Include="Resources\Code\External\imgui\imstb_rectpack.h" />
    <ClInclude Include="Resources\Code\External\imgui\imstb_textedit.h" />
    <ClInclude Include="Resources\Code\GameObjects\GameObjectTerrain.h" />
    <ClInclude Include="Resources\Code\External\pugiXML\pugixml.hpp" />
    <ClInclude Include="Resources\Code\External\pugiXML\pugiconfig.hpp" />
    <ClInclude Include="Resources\Code\Utilities\Constants.h" />
    <ClInclude Include="Resources\Code\GameObjects\GameObjectTerrainVoxels.h" />
    <ClInclude Include="Resources\Code\Utilities\MD5Loader.h" />
    <ClInclude Include="Resources\Code\Animation.h" />
    <ClInclude Include="Resources\Code\GameObjects\GameObjectMD5.h" />
    <ClInclude Include="Resources\Code\Managers\AnimationManager.h" />
    <ClInclude Include="TerrainLoad.h" />
  </ItemGroup>
  <ItemGroup>
    <Text Include="Resources\Code\External\imgui\LICENSE.txt" />
  </ItemGroup>
  <ItemGroup>
    <FxCompile Include="Resources\Code\Shaders\terrainHS.hlsl" />
    <FxCompile Include="Resources\Code\Shaders\terrainDS.hlsl" />
  </ItemGroup>
</Project>