<?xml version="1.0" encoding="utf-8"?>
<Project ToolsVersion="4.0" xmlns="http://schemas.microsoft.com/developer/msbuild/2003">
  <ItemGroup>
    <ClCompile Include="main.cpp" />
    <ClCompile Include="..\imgui-master\imgui.cpp">
      <Filter>Dear ImGui</Filter>
    </ClCompile>
    <ClCompile Include="..\imgui-master\imgui_demo.cpp">
      <Filter>Dear ImGui</Filter>
    </ClCompile>
    <ClCompile Include="..\imgui-master\imgui_draw.cpp">
      <Filter>Dear ImGui</Filter>
    </ClCompile>
    <ClCompile Include="..\imgui-master\imgui_widgets.cpp">
      <Filter>Dear ImGui</Filter>
    </ClCompile>
    <ClCompile Include="..\imgui-master\examples\imgui_impl_dx11.cpp">
      <Filter>Dear ImGui</Filter>
    </ClCompile>
    <ClCompile Include="..\imgui-master\examples\imgui_impl_win32.cpp">
      <Filter>Dear ImGui</Filter>
    </ClCompile>
    <ClCompile Include="CameraManager.cpp" />
    <ClCompile Include="Camera.cpp">
      <Filter>Objects</Filter>
    </ClCompile>
    <ClCompile Include="DDSTextureLoader.cpp">
      <Filter>Utilities</Filter>
    </ClCompile>
    <ClCompile Include="OBJLoader.cpp">
      <Filter>Utilities</Filter>
    </ClCompile>
    <ClCompile Include="Time.cpp">
      <Filter>Utilities</Filter>
    </ClCompile>
    <ClCompile Include="Light.cpp">
      <Filter>Objects</Filter>
    </ClCompile>
    <ClCompile Include="RenderTexture.cpp">
      <Filter>Graphics</Filter>
    </ClCompile>
    <ClCompile Include="ImGuiRenderer.cpp">
      <Filter>Graphics</Filter>
    </ClCompile>
    <ClCompile Include="ShaderManager.cpp">
      <Filter>Graphics</Filter>
    </ClCompile>
    <ClCompile Include="ObjectManager.cpp" />
    <ClCompile Include="GameObject.cpp">
      <Filter>Objects</Filter>
    </ClCompile>
    <ClCompile Include="GameObjectPlane.cpp">
      <Filter>Objects</Filter>
    </ClCompile>
    <ClCompile Include="GameObjectCube.cpp">
      <Filter>Objects</Filter>
    </ClCompile>
    <ClCompile Include="DeferredRenderer.cpp">
      <Filter>Graphics</Filter>
    </ClCompile>
  </ItemGroup>
  <ItemGroup>
    <Filter Include="Shaders">
      <UniqueIdentifier>{7223e20c-1371-49bb-97d0-8117b6b97369}</UniqueIdentifier>
    </Filter>
    <Filter Include="Resource Files">
      <UniqueIdentifier>{5c65bb77-486a-4c4e-a1b8-db822f520520}</UniqueIdentifier>
    </Filter>
    <Filter Include="Dear ImGui">
      <UniqueIdentifier>{e5d61927-9792-4793-97fa-e218dacc676b}</UniqueIdentifier>
    </Filter>
    <Filter Include="Objects">
      <UniqueIdentifier>{63839c5b-feb0-4155-bd9b-aad98a96006d}</UniqueIdentifier>
    </Filter>
    <Filter Include="Utilities">
      <UniqueIdentifier>{7c9e0a0d-3e4a-4e3c-8b57-c03bf992962e}</UniqueIdentifier>
    </Filter>
    <Filter Include="Graphics">
      <UniqueIdentifier>{d5712f32-062c-45c8-a4c2-290ee18dfce9}</UniqueIdentifier>
    </Filter>
  </ItemGroup>
  <ItemGroup>
    <CLInclude Include="resource.h">
      <Filter>Resource Files</Filter>
    </CLInclude>
    <ClInclude Include="main.h" />
    <ClInclude Include="..\imgui-master\imconfig.h">
      <Filter>Dear ImGui</Filter>
    </ClInclude>
    <ClInclude Include="..\imgui-master\imgui.h">
      <Filter>Dear ImGui</Filter>
    </ClInclude>
    <ClInclude Include="..\imgui-master\imgui_internal.h">
      <Filter>Dear ImGui</Filter>
    </ClInclude>
    <ClInclude Include="..\imgui-master\imstb_rectpack.h">
      <Filter>Dear ImGui</Filter>
    </ClInclude>
    <ClInclude Include="..\imgui-master\imstb_textedit.h">
      <Filter>Dear ImGui</Filter>
    </ClInclude>
    <ClInclude Include="..\imgui-master\imstb_truetype.h">
      <Filter>Dear ImGui</Filter>
    </ClInclude>
    <ClInclude Include="..\imgui-master\examples\imgui_impl_dx11.h">
      <Filter>Dear ImGui</Filter>
    </ClInclude>
    <ClInclude Include="..\imgui-master\examples\imgui_impl_win32.h">
      <Filter>Dear ImGui</Filter>
    </ClInclude>
    <ClInclude Include="CameraManager.h" />
    <ClInclude Include="Camera.h">
      <Filter>Objects</Filter>
    </ClInclude>
    <ClInclude Include="DDSTextureLoader.h">
      <Filter>Utilities</Filter>
    </ClInclude>
    <ClInclude Include="OBJLoader.h">
      <Filter>Utilities</Filter>
    </ClInclude>
    <ClInclude Include="structures.h">
      <Filter>Utilities</Filter>
    </ClInclude>
    <ClInclude Include="Time.h">
      <Filter>Utilities</Filter>
    </ClInclude>
    <ClInclude Include="Light.h">
      <Filter>Objects</Filter>
    </ClInclude>
    <ClInclude Include="RenderTexture.h">
      <Filter>Graphics</Filter>
    </ClInclude>
    <ClInclude Include="ImGuiRenderer.h">
      <Filter>Graphics</Filter>
    </ClInclude>
    <ClInclude Include="ShaderManager.h">
      <Filter>Graphics</Filter>
    </ClInclude>
    <ClInclude Include="ObjectManager.h" />
    <ClInclude Include="GameObject.h">
      <Filter>Objects</Filter>
    </ClInclude>
    <ClInclude Include="GameObjectPlane.h">
      <Filter>Objects</Filter>
    </ClInclude>
    <ClInclude Include="GameObjectCube.h">
      <Filter>Objects</Filter>
    </ClInclude>
    <ClInclude Include="DeferredRenderer.h">
      <Filter>Graphics</Filter>
    </ClInclude>
  </ItemGroup>
  <ItemGroup>
    <ResourceCompile Include="Tutorial01.rc">
      <Filter>Resource Files</Filter>
    </ResourceCompile>
  </ItemGroup>
  <ItemGroup>
    <Image Include="Resources\stone.dds">
      <Filter>Resource Files</Filter>
    </Image>
    <Image Include="Resources\conenormal.dds">
      <Filter>Resource Files</Filter>
    </Image>
    <Image Include="Resources\Crate_COLOR.dds">
      <Filter>Resource Files</Filter>
    </Image>
    <Image Include="Resources\Crate_DISP.dds">
      <Filter>Resource Files</Filter>
    </Image>
    <Image Include="Resources\Crate_NRM.dds">
      <Filter>Resource Files</Filter>
    </Image>
    <Image Include="Resources\Crate_OCC.dds">
      <Filter>Resource Files</Filter>
    </Image>
    <Image Include="Resources\Crate_SPEC.dds">
      <Filter>Resource Files</Filter>
    </Image>
    <Image Include="Resources\conedisp.dds">
      <Filter>Resource Files</Filter>
    </Image>
    <Image Include="Resources\color.dds">
      <Filter>Resource Files</Filter>
    </Image>
    <Image Include="Resources\displacement.dds">
      <Filter>Resource Files</Filter>
    </Image>
    <Image Include="Resources\normals.dds">
      <Filter>Resource Files</Filter>
    </Image>
    <Image Include="Resources\pallet_planks.dds">
      <Filter>Resource Files</Filter>
    </Image>
    <Image Include="Resources\pallet_planks_NRM.dds">
      <Filter>Resource Files</Filter>
    </Image>
    <Image Include="Resources\pallet_planks_OCC.dds">
      <Filter>Resource Files</Filter>
    </Image>
  </ItemGroup>
  <ItemGroup>
    <FxCompile Include="shader.fx">
      <Filter>Shaders</Filter>
    </FxCompile>
    <FxCompile Include="normal.fx">
      <Filter>Shaders</Filter>
    </FxCompile>
    <FxCompile Include="StandardPS.hlsl">
      <Filter>Shaders</Filter>
    </FxCompile>
    <FxCompile Include="StandardVS.hlsl">
      <Filter>Shaders</Filter>
    </FxCompile>
    <FxCompile Include="VS2.hlsl">
      <Filter>Shaders</Filter>
    </FxCompile>
    <FxCompile Include="PS2.hlsl">
      <Filter>Shaders</Filter>
    </FxCompile>
    <FxCompile Include="RTTShader.fx">
      <Filter>Shaders</Filter>
    </FxCompile>
    <FxCompile Include="dAlbedo.fx">
      <Filter>Shaders</Filter>
    </FxCompile>
    <FxCompile Include="dNormal.fx">
      <Filter>Shaders</Filter>
    </FxCompile>
    <FxCompile Include="dPost.fx">
      <Filter>Shaders</Filter>
    </FxCompile>
    <FxCompile Include="dPosition.fx">
      <Filter>Shaders</Filter>
    </FxCompile>
  </ItemGroup>
</Project>